
Microsoft Visual Studio Solution File, Format Version 12.00
# Visual Studio 14
VisualStudioVersion = 14.0.24720.0
MinimumVisualStudioVersion = 10.0.40219.1
Project("{2150E333-8FDC-42A3-9474-1A3956D46DE8}") = "src", "src", "{9966A6D6-9BE8-46E6-A05F-53E67B34C223}"
EndProject
Project("{2150E333-8FDC-42A3-9474-1A3956D46DE8}") = "Solution Items", "Solution Items", "{3CDC07DA-4450-4D2B-AB4D-D0FE10358404}"
	ProjectSection(SolutionItems) = preProject
		global.json = global.json
	EndProjectSection
EndProject
Project("{8BB2217D-0F2D-49D1-97BC-3654ED321F3B}") = "SpotifyWallpaperCreatorASP", "src\SpotifyWallpaperCreatorASP\SpotifyWallpaperCreatorASP.xproj", "{63CBADFE-EB27-4998-968B-9CC9117DF5CA}"
EndProject
Global
	GlobalSection(SolutionConfigurationPlatforms) = preSolution
		Debug|Any CPU = Debug|Any CPU
		Release|Any CPU = Release|Any CPU
	EndGlobalSection
	GlobalSection(ProjectConfigurationPlatforms) = postSolution
		{63CBADFE-EB27-4998-968B-9CC9117DF5CA}.Debug|Any CPU.ActiveCfg = Debug|Any CPU
		{63CBADFE-EB27-4998-968B-9CC9117DF5CA}.Debug|Any CPU.Build.0 = Debug|Any CPU
		{63CBADFE-EB27-4998-968B-9CC9117DF5CA}.Release|Any CPU.ActiveCfg = Release|Any CPU
		{63CBADFE-EB27-4998-968B-9CC9117DF5CA}.Release|Any CPU.Build.0 = Release|Any CPU
	EndGlobalSection
	GlobalSection(SolutionProperties) = preSolution
		HideSolutionNode = FALSE
	EndGlobalSection
	GlobalSection(NestedProjects) = preSolution
		{63CBADFE-EB27-4998-968B-9CC9117DF5CA} = {9966A6D6-9BE8-46E6-A05F-53E67B34C223}
	EndGlobalSection
EndGlobal
